
Microsoft Visual Studio Solution File, Format Version 12.00
# Visual Studio Version 17
VisualStudioVersion = 17.14.36511.14 d17.14
MinimumVisualStudioVersion = 10.0.40219.1
Project("{FAE04EC0-301F-11D3-BF4B-00C04F79EFBC}") = "OrderService", "OrderService\OrderService.csproj", "{AE584B4C-6358-490C-B055-10733BB37A83}"
EndProject
Project("{FAE04EC0-301F-11D3-BF4B-00C04F79EFBC}") = "NotificationService", "NotificationService\NotificationService.csproj", "{C0B39601-765A-49BC-B56F-CF0287D9E423}"
EndProject
Project("{FAE04EC0-301F-11D3-BF4B-00C04F79EFBC}") = "Shared.Contracts", "Shared.Contracts\Shared.Contracts.csproj", "{D74FADC6-1D97-4562-AD40-AE6E187BD2A4}"
EndProject
Global
	GlobalSection(SolutionConfigurationPlatforms) = preSolution
		Debug|Any CPU = Debug|Any CPU
		Release|Any CPU = Release|Any CPU
	EndGlobalSection
	GlobalSection(ProjectConfigurationPlatforms) = postSolution
		{AE584B4C-6358-490C-B055-10733BB37A83}.Debug|Any CPU.ActiveCfg = Debug|Any CPU
		{AE584B4C-6358-490C-B055-10733BB37A83}.Debug|Any CPU.Build.0 = Debug|Any CPU
		{AE584B4C-6358-490C-B055-10733BB37A83}.Release|Any CPU.ActiveCfg = Release|Any CPU
		{AE584B4C-6358-490C-B055-10733BB37A83}.Release|Any CPU.Build.0 = Release|Any CPU
		{C0B39601-765A-49BC-B56F-CF0287D9E423}.Debug|Any CPU.ActiveCfg = Debug|Any CPU
		{C0B39601-765A-49BC-B56F-CF0287D9E423}.Debug|Any CPU.Build.0 = Debug|Any CPU
		{C0B39601-765A-49BC-B56F-CF0287D9E423}.Release|Any CPU.ActiveCfg = Release|Any CPU
		{C0B39601-765A-49BC-B56F-CF0287D9E423}.Release|Any CPU.Build.0 = Release|Any CPU
		{D74FADC6-1D97-4562-AD40-AE6E187BD2A4}.Debug|Any CPU.ActiveCfg = Debug|Any CPU
		{D74FADC6-1D97-4562-AD40-AE6E187BD2A4}.Debug|Any CPU.Build.0 = Debug|Any CPU
		{D74FADC6-1D97-4562-AD40-AE6E187BD2A4}.Release|Any CPU.ActiveCfg = Release|Any CPU
		{D74FADC6-1D97-4562-AD40-AE6E187BD2A4}.Release|Any CPU.Build.0 = Release|Any CPU
	EndGlobalSection
	GlobalSection(SolutionProperties) = preSolution
		HideSolutionNode = FALSE
	EndGlobalSection
	GlobalSection(ExtensibilityGlobals) = postSolution
		SolutionGuid = {EF41F841-93EE-4549-880B-B8284F6B7B02}
	EndGlobalSection
EndGlobal
